
Microsoft Visual Studio Solution File, Format Version 12.00
# Visual Studio Version 17
VisualStudioVersion = 17.5.002.0
MinimumVisualStudioVersion = 10.0.40219.1
Project("{9A19103F-16F7-4668-BE54-9A1E7A4F7556}") = "SneakerServer", "SneakerServer.csproj", "{DF0801FF-624B-4D69-BB9B-E071188EE68D}"
EndProject
Global
	GlobalSection(SolutionConfigurationPlatforms) = preSolution
		Debug|Any CPU = Debug|Any CPU
		Release|Any CPU = Release|Any CPU
	EndGlobalSection
	GlobalSection(ProjectConfigurationPlatforms) = postSolution
		{DF0801FF-624B-4D69-BB9B-E071188EE68D}.Debug|Any CPU.ActiveCfg = Debug|Any CPU
		{DF0801FF-624B-4D69-BB9B-E071188EE68D}.Debug|Any CPU.Build.0 = Debug|Any CPU
		{DF0801FF-624B-4D69-BB9B-E071188EE68D}.Release|Any CPU.ActiveCfg = Release|Any CPU
		{DF0801FF-624B-4D69-BB9B-E071188EE68D}.Release|Any CPU.Build.0 = Release|Any CPU
	EndGlobalSection
	GlobalSection(SolutionProperties) = preSolution
		HideSolutionNode = FALSE
	EndGlobalSection
	GlobalSection(ExtensibilityGlobals) = postSolution
		SolutionGuid = {6782F90C-76FA-45E7-AAA0-D947EE5B1CDE}
	EndGlobalSection
EndGlobal
